
Microsoft Visual Studio Solution File, Format Version 12.00
# Visual Studio 15
VisualStudioVersion = 15.0.28010.2041
MinimumVisualStudioVersion = 10.0.40219.1
Project("{FAE04EC0-301F-11D3-BF4B-00C04F79EFBC}") = "assignment1asp", "assignment1asp\assignment1asp.csproj", "{73DAC260-BF8F-4C77-98DB-88902869A2F0}"
EndProject
Project("{FAE04EC0-301F-11D3-BF4B-00C04F79EFBC}") = "assignment1asp.Tests", "assignment1asp.Tests\assignment1asp.Tests.csproj", "{F1A949B1-DFC5-4E2A-9E3F-243FADC0A2B4}"
EndProject
Global
	GlobalSection(SolutionConfigurationPlatforms) = preSolution
		Debug|Any CPU = Debug|Any CPU
		Release|Any CPU = Release|Any CPU
	EndGlobalSection
	GlobalSection(ProjectConfigurationPlatforms) = postSolution
		{73DAC260-BF8F-4C77-98DB-88902869A2F0}.Debug|Any CPU.ActiveCfg = Debug|Any CPU
		{73DAC260-BF8F-4C77-98DB-88902869A2F0}.Debug|Any CPU.Build.0 = Debug|Any CPU
		{73DAC260-BF8F-4C77-98DB-88902869A2F0}.Release|Any CPU.ActiveCfg = Release|Any CPU
		{73DAC260-BF8F-4C77-98DB-88902869A2F0}.Release|Any CPU.Build.0 = Release|Any CPU
		{F1A949B1-DFC5-4E2A-9E3F-243FADC0A2B4}.Debug|Any CPU.ActiveCfg = Debug|Any CPU
		{F1A949B1-DFC5-4E2A-9E3F-243FADC0A2B4}.Debug|Any CPU.Build.0 = Debug|Any CPU
		{F1A949B1-DFC5-4E2A-9E3F-243FADC0A2B4}.Release|Any CPU.ActiveCfg = Release|Any CPU
		{F1A949B1-DFC5-4E2A-9E3F-243FADC0A2B4}.Release|Any CPU.Build.0 = Release|Any CPU
	EndGlobalSection
	GlobalSection(SolutionProperties) = preSolution
		HideSolutionNode = FALSE
	EndGlobalSection
	GlobalSection(ExtensibilityGlobals) = postSolution
		SolutionGuid = {E2F13A42-CB3E-4F81-BFC9-40C3F7E5AF71}
	EndGlobalSection
EndGlobal
